// !$*UTF8*$!
{
	archiveVersion = 1;
	classes = {
	};
	objectVersion = 55;
	objects = {

/* Begin PBXBuildFile section */
		F6C903E02839118C0085DEA0 /* AppDelegate.swift in Sources */ = {isa = PBXBuildFile; fileRef = F6C903DF2839118C0085DEA0 /* AppDelegate.swift */; };
		F6C903E22839118C0085DEA0 /* SceneDelegate.swift in Sources */ = {isa = PBXBuildFile; fileRef = F6C903E12839118C0085DEA0 /* SceneDelegate.swift */; };
		F6C903E42839118C0085DEA0 /* ViewController.swift in Sources */ = {isa = PBXBuildFile; fileRef = F6C903E32839118C0085DEA0 /* ViewController.swift */; };
		F6C903E72839118C0085DEA0 /* Main.storyboard in Resources */ = {isa = PBXBuildFile; fileRef = F6C903E52839118C0085DEA0 /* Main.storyboard */; };
		F6C903E92839118D0085DEA0 /* Assets.xcassets in Resources */ = {isa = PBXBuildFile; fileRef = F6C903E82839118D0085DEA0 /* Assets.xcassets */; };
		F6C903EC2839118D0085DEA0 /* LaunchScreen.storyboard in Resources */ = {isa = PBXBuildFile; fileRef = F6C903EA2839118D0085DEA0 /* LaunchScreen.storyboard */; };
		F6C903F72839118E0085DEA0 /* TranslateGuessrTests.swift in Sources */ = {isa = PBXBuildFile; fileRef = F6C903F62839118E0085DEA0 /* TranslateGuessrTests.swift */; };
		F6C904012839118E0085DEA0 /* TranslateGuessrUITests.swift in Sources */ = {isa = PBXBuildFile; fileRef = F6C904002839118E0085DEA0 /* TranslateGuessrUITests.swift */; };
		F6C904032839118E0085DEA0 /* TranslateGuessrUITestsLaunchTests.swift in Sources */ = {isa = PBXBuildFile; fileRef = F6C904022839118E0085DEA0 /* TranslateGuessrUITestsLaunchTests.swift */; };
		F6C90411283913A90085DEA0 /* EvaluatorSceneConfigurator.swift in Sources */ = {isa = PBXBuildFile; fileRef = F6C90410283913A90085DEA0 /* EvaluatorSceneConfigurator.swift */; };
		F6C904142839142E0085DEA0 /* EvaluatorView.swift in Sources */ = {isa = PBXBuildFile; fileRef = F6C904132839142E0085DEA0 /* EvaluatorView.swift */; };
		F6C90416283914E70085DEA0 /* EvaluatorViewController.swift in Sources */ = {isa = PBXBuildFile; fileRef = F6C90415283914E70085DEA0 /* EvaluatorViewController.swift */; };
		F6C9041B28391A850085DEA0 /* EvaluatorInteractor.swift in Sources */ = {isa = PBXBuildFile; fileRef = F6C9041A28391A840085DEA0 /* EvaluatorInteractor.swift */; };
		F6C9041E28391AE60085DEA0 /* TranslationService.swift in Sources */ = {isa = PBXBuildFile; fileRef = F6C9041D28391AE60085DEA0 /* TranslationService.swift */; };
		F6C9042328391EAF0085DEA0 /* TranslationSet.swift in Sources */ = {isa = PBXBuildFile; fileRef = F6C9042228391EAF0085DEA0 /* TranslationSet.swift */; };
		F6C9042528392F430085DEA0 /* EvaluatorPresenter.swift in Sources */ = {isa = PBXBuildFile; fileRef = F6C9042428392F430085DEA0 /* EvaluatorPresenter.swift */; };
		F6C904282839340E0085DEA0 /* ViewCodable.swift in Sources */ = {isa = PBXBuildFile; fileRef = F6C904272839340E0085DEA0 /* ViewCodable.swift */; };
		F6C9042A28393EF00085DEA0 /* Constraining.swift in Sources */ = {isa = PBXBuildFile; fileRef = F6C9042928393EF00085DEA0 /* Constraining.swift */; };
		F6C9042C283964C40085DEA0 /* TranslationPair.swift in Sources */ = {isa = PBXBuildFile; fileRef = F6C9042B283964C40085DEA0 /* TranslationPair.swift */; };
/* End PBXBuildFile section */

/* Begin PBXContainerItemProxy section */
		F6C903F32839118E0085DEA0 /* PBXContainerItemProxy */ = {
			isa = PBXContainerItemProxy;
			containerPortal = F6C903D42839118C0085DEA0 /* Project object */;
			proxyType = 1;
			remoteGlobalIDString = F6C903DB2839118C0085DEA0;
			remoteInfo = TranslateGuessr;
		};
		F6C903FD2839118E0085DEA0 /* PBXContainerItemProxy */ = {
			isa = PBXContainerItemProxy;
			containerPortal = F6C903D42839118C0085DEA0 /* Project object */;
			proxyType = 1;
			remoteGlobalIDString = F6C903DB2839118C0085DEA0;
			remoteInfo = TranslateGuessr;
		};
/* End PBXContainerItemProxy section */

/* Begin PBXFileReference section */
		F6C903DC2839118C0085DEA0 /* TranslateGuessr.app */ = {isa = PBXFileReference; explicitFileType = wrapper.application; includeInIndex = 0; path = TranslateGuessr.app; sourceTree = BUILT_PRODUCTS_DIR; };
		F6C903DF2839118C0085DEA0 /* AppDelegate.swift */ = {isa = PBXFileReference; lastKnownFileType = sourcecode.swift; path = AppDelegate.swift; sourceTree = "<group>"; };
		F6C903E12839118C0085DEA0 /* SceneDelegate.swift */ = {isa = PBXFileReference; lastKnownFileType = sourcecode.swift; path = SceneDelegate.swift; sourceTree = "<group>"; };
		F6C903E32839118C0085DEA0 /* ViewController.swift */ = {isa = PBXFileReference; lastKnownFileType = sourcecode.swift; path = ViewController.swift; sourceTree = "<group>"; };
		F6C903E62839118C0085DEA0 /* Base */ = {isa = PBXFileReference; lastKnownFileType = file.storyboard; name = Base; path = Base.lproj/Main.storyboard; sourceTree = "<group>"; };
		F6C903E82839118D0085DEA0 /* Assets.xcassets */ = {isa = PBXFileReference; lastKnownFileType = folder.assetcatalog; path = Assets.xcassets; sourceTree = "<group>"; };
		F6C903EB2839118D0085DEA0 /* Base */ = {isa = PBXFileReference; lastKnownFileType = file.storyboard; name = Base; path = Base.lproj/LaunchScreen.storyboard; sourceTree = "<group>"; };
		F6C903ED2839118D0085DEA0 /* Info.plist */ = {isa = PBXFileReference; lastKnownFileType = text.plist.xml; path = Info.plist; sourceTree = "<group>"; };
		F6C903F22839118E0085DEA0 /* TranslateGuessrTests.xctest */ = {isa = PBXFileReference; explicitFileType = wrapper.cfbundle; includeInIndex = 0; path = TranslateGuessrTests.xctest; sourceTree = BUILT_PRODUCTS_DIR; };
		F6C903F62839118E0085DEA0 /* TranslateGuessrTests.swift */ = {isa = PBXFileReference; lastKnownFileType = sourcecode.swift; path = TranslateGuessrTests.swift; sourceTree = "<group>"; };
		F6C903FC2839118E0085DEA0 /* TranslateGuessrUITests.xctest */ = {isa = PBXFileReference; explicitFileType = wrapper.cfbundle; includeInIndex = 0; path = TranslateGuessrUITests.xctest; sourceTree = BUILT_PRODUCTS_DIR; };
		F6C904002839118E0085DEA0 /* TranslateGuessrUITests.swift */ = {isa = PBXFileReference; lastKnownFileType = sourcecode.swift; path = TranslateGuessrUITests.swift; sourceTree = "<group>"; };
		F6C904022839118E0085DEA0 /* TranslateGuessrUITestsLaunchTests.swift */ = {isa = PBXFileReference; lastKnownFileType = sourcecode.swift; path = TranslateGuessrUITestsLaunchTests.swift; sourceTree = "<group>"; };
		F6C90410283913A90085DEA0 /* EvaluatorSceneConfigurator.swift */ = {isa = PBXFileReference; lastKnownFileType = sourcecode.swift; path = EvaluatorSceneConfigurator.swift; sourceTree = "<group>"; };
		F6C904132839142E0085DEA0 /* EvaluatorView.swift */ = {isa = PBXFileReference; lastKnownFileType = sourcecode.swift; path = EvaluatorView.swift; sourceTree = "<group>"; };
		F6C90415283914E70085DEA0 /* EvaluatorViewController.swift */ = {isa = PBXFileReference; lastKnownFileType = sourcecode.swift; path = EvaluatorViewController.swift; sourceTree = "<group>"; };
		F6C9041A28391A840085DEA0 /* EvaluatorInteractor.swift */ = {isa = PBXFileReference; lastKnownFileType = sourcecode.swift; path = EvaluatorInteractor.swift; sourceTree = "<group>"; };
		F6C9041D28391AE60085DEA0 /* TranslationService.swift */ = {isa = PBXFileReference; lastKnownFileType = sourcecode.swift; path = TranslationService.swift; sourceTree = "<group>"; };
		F6C9042228391EAF0085DEA0 /* TranslationSet.swift */ = {isa = PBXFileReference; lastKnownFileType = sourcecode.swift; path = TranslationSet.swift; sourceTree = "<group>"; };
		F6C9042428392F430085DEA0 /* EvaluatorPresenter.swift */ = {isa = PBXFileReference; lastKnownFileType = sourcecode.swift; path = EvaluatorPresenter.swift; sourceTree = "<group>"; };
		F6C904272839340E0085DEA0 /* ViewCodable.swift */ = {isa = PBXFileReference; lastKnownFileType = sourcecode.swift; path = ViewCodable.swift; sourceTree = "<group>"; };
		F6C9042928393EF00085DEA0 /* Constraining.swift */ = {isa = PBXFileReference; lastKnownFileType = sourcecode.swift; path = Constraining.swift; sourceTree = "<group>"; };
		F6C9042B283964C40085DEA0 /* TranslationPair.swift */ = {isa = PBXFileReference; lastKnownFileType = sourcecode.swift; path = TranslationPair.swift; sourceTree = "<group>"; };
/* End PBXFileReference section */

/* Begin PBXFrameworksBuildPhase section */
		F6C903D92839118C0085DEA0 /* Frameworks */ = {
			isa = PBXFrameworksBuildPhase;
			buildActionMask = 2147483647;
			files = (
			);
			runOnlyForDeploymentPostprocessing = 0;
		};
		F6C903EF2839118E0085DEA0 /* Frameworks */ = {
			isa = PBXFrameworksBuildPhase;
			buildActionMask = 2147483647;
			files = (
			);
			runOnlyForDeploymentPostprocessing = 0;
		};
		F6C903F92839118E0085DEA0 /* Frameworks */ = {
			isa = PBXFrameworksBuildPhase;
			buildActionMask = 2147483647;
			files = (
			);
			runOnlyForDeploymentPostprocessing = 0;
		};
/* End PBXFrameworksBuildPhase section */

/* Begin PBXGroup section */
		F6C903D32839118C0085DEA0 = {
			isa = PBXGroup;
			children = (
				F6C903DE2839118C0085DEA0 /* TranslateGuessr */,
				F6C903F52839118E0085DEA0 /* TranslateGuessrTests */,
				F6C903FF2839118E0085DEA0 /* TranslateGuessrUITests */,
				F6C903DD2839118C0085DEA0 /* Products */,
			);
			sourceTree = "<group>";
		};
		F6C903DD2839118C0085DEA0 /* Products */ = {
			isa = PBXGroup;
			children = (
				F6C903DC2839118C0085DEA0 /* TranslateGuessr.app */,
				F6C903F22839118E0085DEA0 /* TranslateGuessrTests.xctest */,
				F6C903FC2839118E0085DEA0 /* TranslateGuessrUITests.xctest */,
			);
			name = Products;
			sourceTree = "<group>";
		};
		F6C903DE2839118C0085DEA0 /* TranslateGuessr */ = {
			isa = PBXGroup;
			children = (
				F6C90426283934030085DEA0 /* UI */,
				F6C9041F28391B890085DEA0 /* Model */,
				F6C9041C28391AD60085DEA0 /* Service */,
				F6C9040F283913600085DEA0 /* Evaluator */,
				F6C903DF2839118C0085DEA0 /* AppDelegate.swift */,
				F6C903E12839118C0085DEA0 /* SceneDelegate.swift */,
				F6C903E32839118C0085DEA0 /* ViewController.swift */,
				F6C903E52839118C0085DEA0 /* Main.storyboard */,
				F6C903E82839118D0085DEA0 /* Assets.xcassets */,
				F6C903EA2839118D0085DEA0 /* LaunchScreen.storyboard */,
				F6C903ED2839118D0085DEA0 /* Info.plist */,
			);
			path = TranslateGuessr;
			sourceTree = "<group>";
		};
		F6C903F52839118E0085DEA0 /* TranslateGuessrTests */ = {
			isa = PBXGroup;
			children = (
				F6C903F62839118E0085DEA0 /* TranslateGuessrTests.swift */,
			);
			path = TranslateGuessrTests;
			sourceTree = "<group>";
		};
		F6C903FF2839118E0085DEA0 /* TranslateGuessrUITests */ = {
			isa = PBXGroup;
			children = (
				F6C904002839118E0085DEA0 /* TranslateGuessrUITests.swift */,
				F6C904022839118E0085DEA0 /* TranslateGuessrUITestsLaunchTests.swift */,
			);
			path = TranslateGuessrUITests;
			sourceTree = "<group>";
		};
		F6C9040F283913600085DEA0 /* Evaluator */ = {
			isa = PBXGroup;
			children = (
				F6C90410283913A90085DEA0 /* EvaluatorSceneConfigurator.swift */,
				F6C904132839142E0085DEA0 /* EvaluatorView.swift */,
				F6C90415283914E70085DEA0 /* EvaluatorViewController.swift */,
				F6C9041A28391A840085DEA0 /* EvaluatorInteractor.swift */,
				F6C9042428392F430085DEA0 /* EvaluatorPresenter.swift */,
			);
			path = Evaluator;
			sourceTree = "<group>";
		};
		F6C9041C28391AD60085DEA0 /* Service */ = {
			isa = PBXGroup;
			children = (
				F6C9041D28391AE60085DEA0 /* TranslationService.swift */,
			);
			path = Service;
			sourceTree = "<group>";
		};
		F6C9041F28391B890085DEA0 /* Model */ = {
			isa = PBXGroup;
			children = (
				F6C9042228391EAF0085DEA0 /* TranslationSet.swift */,
				F6C9042B283964C40085DEA0 /* TranslationPair.swift */,
			);
			path = Model;
			sourceTree = "<group>";
		};
		F6C90426283934030085DEA0 /* UI */ = {
			isa = PBXGroup;
			children = (
				F6C904272839340E0085DEA0 /* ViewCodable.swift */,
				F6C9042928393EF00085DEA0 /* Constraining.swift */,
			);
			path = UI;
			sourceTree = "<group>";
		};
/* End PBXGroup section */

/* Begin PBXNativeTarget section */
		F6C903DB2839118C0085DEA0 /* TranslateGuessr */ = {
			isa = PBXNativeTarget;
			buildConfigurationList = F6C904062839118E0085DEA0 /* Build configuration list for PBXNativeTarget "TranslateGuessr" */;
			buildPhases = (
				F6C903D82839118C0085DEA0 /* Sources */,
				F6C903D92839118C0085DEA0 /* Frameworks */,
				F6C903DA2839118C0085DEA0 /* Resources */,
			);
			buildRules = (
			);
			dependencies = (
			);
			name = TranslateGuessr;
			productName = TranslateGuessr;
			productReference = F6C903DC2839118C0085DEA0 /* TranslateGuessr.app */;
			productType = "com.apple.product-type.application";
		};
		F6C903F12839118E0085DEA0 /* TranslateGuessrTests */ = {
			isa = PBXNativeTarget;
			buildConfigurationList = F6C904092839118E0085DEA0 /* Build configuration list for PBXNativeTarget "TranslateGuessrTests" */;
			buildPhases = (
				F6C903EE2839118E0085DEA0 /* Sources */,
				F6C903EF2839118E0085DEA0 /* Frameworks */,
				F6C903F02839118E0085DEA0 /* Resources */,
			);
			buildRules = (
			);
			dependencies = (
				F6C903F42839118E0085DEA0 /* PBXTargetDependency */,
			);
			name = TranslateGuessrTests;
			productName = TranslateGuessrTests;
			productReference = F6C903F22839118E0085DEA0 /* TranslateGuessrTests.xctest */;
			productType = "com.apple.product-type.bundle.unit-test";
		};
		F6C903FB2839118E0085DEA0 /* TranslateGuessrUITests */ = {
			isa = PBXNativeTarget;
			buildConfigurationList = F6C9040C2839118E0085DEA0 /* Build configuration list for PBXNativeTarget "TranslateGuessrUITests" */;
			buildPhases = (
				F6C903F82839118E0085DEA0 /* Sources */,
				F6C903F92839118E0085DEA0 /* Frameworks */,
				F6C903FA2839118E0085DEA0 /* Resources */,
			);
			buildRules = (
			);
			dependencies = (
				F6C903FE2839118E0085DEA0 /* PBXTargetDependency */,
			);
			name = TranslateGuessrUITests;
			productName = TranslateGuessrUITests;
			productReference = F6C903FC2839118E0085DEA0 /* TranslateGuessrUITests.xctest */;
			productType = "com.apple.product-type.bundle.ui-testing";
		};
/* End PBXNativeTarget section */

/* Begin PBXProject section */
		F6C903D42839118C0085DEA0 /* Project object */ = {
			isa = PBXProject;
			attributes = {
				BuildIndependentTargetsInParallel = 1;
				LastSwiftUpdateCheck = 1340;
				LastUpgradeCheck = 1340;
				TargetAttributes = {
					F6C903DB2839118C0085DEA0 = {
						CreatedOnToolsVersion = 13.4;
					};
					F6C903F12839118E0085DEA0 = {
						CreatedOnToolsVersion = 13.4;
						TestTargetID = F6C903DB2839118C0085DEA0;
					};
					F6C903FB2839118E0085DEA0 = {
						CreatedOnToolsVersion = 13.4;
						TestTargetID = F6C903DB2839118C0085DEA0;
					};
				};
			};
			buildConfigurationList = F6C903D72839118C0085DEA0 /* Build configuration list for PBXProject "TranslateGuessr" */;
			compatibilityVersion = "Xcode 13.0";
			developmentRegion = en;
			hasScannedForEncodings = 0;
			knownRegions = (
				en,
				Base,
			);
			mainGroup = F6C903D32839118C0085DEA0;
			productRefGroup = F6C903DD2839118C0085DEA0 /* Products */;
			projectDirPath = "";
			projectRoot = "";
			targets = (
				F6C903DB2839118C0085DEA0 /* TranslateGuessr */,
				F6C903F12839118E0085DEA0 /* TranslateGuessrTests */,
				F6C903FB2839118E0085DEA0 /* TranslateGuessrUITests */,
			);
		};
/* End PBXProject section */

/* Begin PBXResourcesBuildPhase section */
		F6C903DA2839118C0085DEA0 /* Resources */ = {
			isa = PBXResourcesBuildPhase;
			buildActionMask = 2147483647;
			files = (
				F6C903EC2839118D0085DEA0 /* LaunchScreen.storyboard in Resources */,
				F6C903E92839118D0085DEA0 /* Assets.xcassets in Resources */,
				F6C903E72839118C0085DEA0 /* Main.storyboard in Resources */,
			);
			runOnlyForDeploymentPostprocessing = 0;
		};
		F6C903F02839118E0085DEA0 /* Resources */ = {
			isa = PBXResourcesBuildPhase;
			buildActionMask = 2147483647;
			files = (
			);
			runOnlyForDeploymentPostprocessing = 0;
		};
		F6C903FA2839118E0085DEA0 /* Resources */ = {
			isa = PBXResourcesBuildPhase;
			buildActionMask = 2147483647;
			files = (
			);
			runOnlyForDeploymentPostprocessing = 0;
		};
/* End PBXResourcesBuildPhase section */

/* Begin PBXSourcesBuildPhase section */
		F6C903D82839118C0085DEA0 /* Sources */ = {
			isa = PBXSourcesBuildPhase;
			buildActionMask = 2147483647;
			files = (
				F6C90416283914E70085DEA0 /* EvaluatorViewController.swift in Sources */,
				F6C9042528392F430085DEA0 /* EvaluatorPresenter.swift in Sources */,
				F6C9042C283964C40085DEA0 /* TranslationPair.swift in Sources */,
				F6C903E42839118C0085DEA0 /* ViewController.swift in Sources */,
				F6C9042328391EAF0085DEA0 /* TranslationSet.swift in Sources */,
				F6C9041B28391A850085DEA0 /* EvaluatorInteractor.swift in Sources */,
				F6C904282839340E0085DEA0 /* ViewCodable.swift in Sources */,
				F6C90411283913A90085DEA0 /* EvaluatorSceneConfigurator.swift in Sources */,
				F6C904142839142E0085DEA0 /* EvaluatorView.swift in Sources */,
				F6C9042A28393EF00085DEA0 /* Constraining.swift in Sources */,
				F6C9041E28391AE60085DEA0 /* TranslationService.swift in Sources */,
				F6C903E02839118C0085DEA0 /* AppDelegate.swift in Sources */,
				F6C903E22839118C0085DEA0 /* SceneDelegate.swift in Sources */,
			);
			runOnlyForDeploymentPostprocessing = 0;
		};
		F6C903EE2839118E0085DEA0 /* Sources */ = {
			isa = PBXSourcesBuildPhase;
			buildActionMask = 2147483647;
			files = (
				F6C903F72839118E0085DEA0 /* TranslateGuessrTests.swift in Sources */,
			);
			runOnlyForDeploymentPostprocessing = 0;
		};
		F6C903F82839118E0085DEA0 /* Sources */ = {
			isa = PBXSourcesBuildPhase;
			buildActionMask = 2147483647;
			files = (
				F6C904032839118E0085DEA0 /* TranslateGuessrUITestsLaunchTests.swift in Sources */,
				F6C904012839118E0085DEA0 /* TranslateGuessrUITests.swift in Sources */,
			);
			runOnlyForDeploymentPostprocessing = 0;
		};
/* End PBXSourcesBuildPhase section */

/* Begin PBXTargetDependency section */
		F6C903F42839118E0085DEA0 /* PBXTargetDependency */ = {
			isa = PBXTargetDependency;
			target = F6C903DB2839118C0085DEA0 /* TranslateGuessr */;
			targetProxy = F6C903F32839118E0085DEA0 /* PBXContainerItemProxy */;
		};
		F6C903FE2839118E0085DEA0 /* PBXTargetDependency */ = {
			isa = PBXTargetDependency;
			target = F6C903DB2839118C0085DEA0 /* TranslateGuessr */;
			targetProxy = F6C903FD2839118E0085DEA0 /* PBXContainerItemProxy */;
		};
/* End PBXTargetDependency section */

/* Begin PBXVariantGroup section */
		F6C903E52839118C0085DEA0 /* Main.storyboard */ = {
			isa = PBXVariantGroup;
			children = (
				F6C903E62839118C0085DEA0 /* Base */,
			);
			name = Main.storyboard;
			sourceTree = "<group>";
		};
		F6C903EA2839118D0085DEA0 /* LaunchScreen.storyboard */ = {
			isa = PBXVariantGroup;
			children = (
				F6C903EB2839118D0085DEA0 /* Base */,
			);
			name = LaunchScreen.storyboard;
			sourceTree = "<group>";
		};
/* End PBXVariantGroup section */

/* Begin XCBuildConfiguration section */
		F6C904042839118E0085DEA0 /* Debug */ = {
			isa = XCBuildConfiguration;
			buildSettings = {
				ALWAYS_SEARCH_USER_PATHS = NO;
				CLANG_ANALYZER_NONNULL = YES;
				CLANG_ANALYZER_NUMBER_OBJECT_CONVERSION = YES_AGGRESSIVE;
				CLANG_CXX_LANGUAGE_STANDARD = "gnu++17";
				CLANG_ENABLE_MODULES = YES;
				CLANG_ENABLE_OBJC_ARC = YES;
				CLANG_ENABLE_OBJC_WEAK = YES;
				CLANG_WARN_BLOCK_CAPTURE_AUTORELEASING = YES;
				CLANG_WARN_BOOL_CONVERSION = YES;
				CLANG_WARN_COMMA = YES;
				CLANG_WARN_CONSTANT_CONVERSION = YES;
				CLANG_WARN_DEPRECATED_OBJC_IMPLEMENTATIONS = YES;
				CLANG_WARN_DIRECT_OBJC_ISA_USAGE = YES_ERROR;
				CLANG_WARN_DOCUMENTATION_COMMENTS = YES;
				CLANG_WARN_EMPTY_BODY = YES;
				CLANG_WARN_ENUM_CONVERSION = YES;
				CLANG_WARN_INFINITE_RECURSION = YES;
				CLANG_WARN_INT_CONVERSION = YES;
				CLANG_WARN_NON_LITERAL_NULL_CONVERSION = YES;
				CLANG_WARN_OBJC_IMPLICIT_RETAIN_SELF = YES;
				CLANG_WARN_OBJC_LITERAL_CONVERSION = YES;
				CLANG_WARN_OBJC_ROOT_CLASS = YES_ERROR;
				CLANG_WARN_QUOTED_INCLUDE_IN_FRAMEWORK_HEADER = YES;
				CLANG_WARN_RANGE_LOOP_ANALYSIS = YES;
				CLANG_WARN_STRICT_PROTOTYPES = YES;
				CLANG_WARN_SUSPICIOUS_MOVE = YES;
				CLANG_WARN_UNGUARDED_AVAILABILITY = YES_AGGRESSIVE;
				CLANG_WARN_UNREACHABLE_CODE = YES;
				CLANG_WARN__DUPLICATE_METHOD_MATCH = YES;
				COPY_PHASE_STRIP = NO;
				DEBUG_INFORMATION_FORMAT = dwarf;
				ENABLE_STRICT_OBJC_MSGSEND = YES;
				ENABLE_TESTABILITY = YES;
				GCC_C_LANGUAGE_STANDARD = gnu11;
				GCC_DYNAMIC_NO_PIC = NO;
				GCC_NO_COMMON_BLOCKS = YES;
				GCC_OPTIMIZATION_LEVEL = 0;
				GCC_PREPROCESSOR_DEFINITIONS = (
					"DEBUG=1",
					"$(inherited)",
				);
				GCC_WARN_64_TO_32_BIT_CONVERSION = YES;
				GCC_WARN_ABOUT_RETURN_TYPE = YES_ERROR;
				GCC_WARN_UNDECLARED_SELECTOR = YES;
				GCC_WARN_UNINITIALIZED_AUTOS = YES_AGGRESSIVE;
				GCC_WARN_UNUSED_FUNCTION = YES;
				GCC_WARN_UNUSED_VARIABLE = YES;
				IPHONEOS_DEPLOYMENT_TARGET = 15.5;
				MTL_ENABLE_DEBUG_INFO = INCLUDE_SOURCE;
				MTL_FAST_MATH = YES;
				ONLY_ACTIVE_ARCH = YES;
				SDKROOT = iphoneos;
				SWIFT_ACTIVE_COMPILATION_CONDITIONS = DEBUG;
				SWIFT_OPTIMIZATION_LEVEL = "-Onone";
			};
			name = Debug;
		};
		F6C904052839118E0085DEA0 /* Release */ = {
			isa = XCBuildConfiguration;
			buildSettings = {
				ALWAYS_SEARCH_USER_PATHS = NO;
				CLANG_ANALYZER_NONNULL = YES;
				CLANG_ANALYZER_NUMBER_OBJECT_CONVERSION = YES_AGGRESSIVE;
				CLANG_CXX_LANGUAGE_STANDARD = "gnu++17";
				CLANG_ENABLE_MODULES = YES;
				CLANG_ENABLE_OBJC_ARC = YES;
				CLANG_ENABLE_OBJC_WEAK = YES;
				CLANG_WARN_BLOCK_CAPTURE_AUTORELEASING = YES;
				CLANG_WARN_BOOL_CONVERSION = YES;
				CLANG_WARN_COMMA = YES;
				CLANG_WARN_CONSTANT_CONVERSION = YES;
				CLANG_WARN_DEPRECATED_OBJC_IMPLEMENTATIONS = YES;
				CLANG_WARN_DIRECT_OBJC_ISA_USAGE = YES_ERROR;
				CLANG_WARN_DOCUMENTATION_COMMENTS = YES;
				CLANG_WARN_EMPTY_BODY = YES;
				CLANG_WARN_ENUM_CONVERSION = YES;
				CLANG_WARN_INFINITE_RECURSION = YES;
				CLANG_WARN_INT_CONVERSION = YES;
				CLANG_WARN_NON_LITERAL_NULL_CONVERSION = YES;
				CLANG_WARN_OBJC_IMPLICIT_RETAIN_SELF = YES;
				CLANG_WARN_OBJC_LITERAL_CONVERSION = YES;
				CLANG_WARN_OBJC_ROOT_CLASS = YES_ERROR;
				CLANG_WARN_QUOTED_INCLUDE_IN_FRAMEWORK_HEADER = YES;
				CLANG_WARN_RANGE_LOOP_ANALYSIS = YES;
				CLANG_WARN_STRICT_PROTOTYPES = YES;
				CLANG_WARN_SUSPICIOUS_MOVE = YES;
				CLANG_WARN_UNGUARDED_AVAILABILITY = YES_AGGRESSIVE;
				CLANG_WARN_UNREACHABLE_CODE = YES;
				CLANG_WARN__DUPLICATE_METHOD_MATCH = YES;
				COPY_PHASE_STRIP = NO;
				DEBUG_INFORMATION_FORMAT = "dwarf-with-dsym";
				ENABLE_NS_ASSERTIONS = NO;
				ENABLE_STRICT_OBJC_MSGSEND = YES;
				GCC_C_LANGUAGE_STANDARD = gnu11;
				GCC_NO_COMMON_BLOCKS = YES;
				GCC_WARN_64_TO_32_BIT_CONVERSION = YES;
				GCC_WARN_ABOUT_RETURN_TYPE = YES_ERROR;
				GCC_WARN_UNDECLARED_SELECTOR = YES;
				GCC_WARN_UNINITIALIZED_AUTOS = YES_AGGRESSIVE;
				GCC_WARN_UNUSED_FUNCTION = YES;
				GCC_WARN_UNUSED_VARIABLE = YES;
				IPHONEOS_DEPLOYMENT_TARGET = 15.5;
				MTL_ENABLE_DEBUG_INFO = NO;
				MTL_FAST_MATH = YES;
				SDKROOT = iphoneos;
				SWIFT_COMPILATION_MODE = wholemodule;
				SWIFT_OPTIMIZATION_LEVEL = "-O";
				VALIDATE_PRODUCT = YES;
			};
			name = Release;
		};
		F6C904072839118E0085DEA0 /* Debug */ = {
			isa = XCBuildConfiguration;
			buildSettings = {
				ASSETCATALOG_COMPILER_APPICON_NAME = AppIcon;
				ASSETCATALOG_COMPILER_GLOBAL_ACCENT_COLOR_NAME = AccentColor;
				CODE_SIGN_STYLE = Automatic;
				CURRENT_PROJECT_VERSION = 1;
				DEVELOPMENT_TEAM = B73YH55T95;
				GENERATE_INFOPLIST_FILE = YES;
				INFOPLIST_FILE = TranslateGuessr/Info.plist;
				INFOPLIST_KEY_UIApplicationSupportsIndirectInputEvents = YES;
				INFOPLIST_KEY_UILaunchStoryboardName = LaunchScreen;
				INFOPLIST_KEY_UIMainStoryboardFile = Main;
				INFOPLIST_KEY_UISupportedInterfaceOrientations_iPad = "UIInterfaceOrientationPortrait UIInterfaceOrientationPortraitUpsideDown UIInterfaceOrientationLandscapeLeft UIInterfaceOrientationLandscapeRight";
				INFOPLIST_KEY_UISupportedInterfaceOrientations_iPhone = "UIInterfaceOrientationPortrait UIInterfaceOrientationLandscapeLeft UIInterfaceOrientationLandscapeRight";
				LD_RUNPATH_SEARCH_PATHS = (
					"$(inherited)",
					"@executable_path/Frameworks",
				);
				MARKETING_VERSION = 1.0;
				PRODUCT_BUNDLE_IDENTIFIER = ignacioribeiro.TranslateGuessr;
				PRODUCT_NAME = "$(TARGET_NAME)";
				SWIFT_EMIT_LOC_STRINGS = YES;
				SWIFT_VERSION = 5.0;
				TARGETED_DEVICE_FAMILY = "1,2";
			};
			name = Debug;
		};
		F6C904082839118E0085DEA0 /* Release */ = {
			isa = XCBuildConfiguration;
			buildSettings = {
				ASSETCATALOG_COMPILER_APPICON_NAME = AppIcon;
				ASSETCATALOG_COMPILER_GLOBAL_ACCENT_COLOR_NAME = AccentColor;
				CODE_SIGN_STYLE = Automatic;
				CURRENT_PROJECT_VERSION = 1;
				DEVELOPMENT_TEAM = B73YH55T95;
				GENERATE_INFOPLIST_FILE = YES;
				INFOPLIST_FILE = TranslateGuessr/Info.plist;
				INFOPLIST_KEY_UIApplicationSupportsIndirectInputEvents = YES;
				INFOPLIST_KEY_UILaunchStoryboardName = LaunchScreen;
				INFOPLIST_KEY_UIMainStoryboardFile = Main;
				INFOPLIST_KEY_UISupportedInterfaceOrientations_iPad = "UIInterfaceOrientationPortrait UIInterfaceOrientationPortraitUpsideDown UIInterfaceOrientationLandscapeLeft UIInterfaceOrientationLandscapeRight";
				INFOPLIST_KEY_UISupportedInterfaceOrientations_iPhone = "UIInterfaceOrientationPortrait UIInterfaceOrientationLandscapeLeft UIInterfaceOrientationLandscapeRight";
				LD_RUNPATH_SEARCH_PATHS = (
					"$(inherited)",
					"@executable_path/Frameworks",
				);
				MARKETING_VERSION = 1.0;
				PRODUCT_BUNDLE_IDENTIFIER = ignacioribeiro.TranslateGuessr;
				PRODUCT_NAME = "$(TARGET_NAME)";
				SWIFT_EMIT_LOC_STRINGS = YES;
				SWIFT_VERSION = 5.0;
				TARGETED_DEVICE_FAMILY = "1,2";
			};
			name = Release;
		};
		F6C9040A2839118E0085DEA0 /* Debug */ = {
			isa = XCBuildConfiguration;
			buildSettings = {
				ALWAYS_EMBED_SWIFT_STANDARD_LIBRARIES = YES;
				BUNDLE_LOADER = "$(TEST_HOST)";
				CODE_SIGN_STYLE = Automatic;
				CURRENT_PROJECT_VERSION = 1;
				DEVELOPMENT_TEAM = B73YH55T95;
				GENERATE_INFOPLIST_FILE = YES;
				IPHONEOS_DEPLOYMENT_TARGET = 15.5;
				MARKETING_VERSION = 1.0;
				PRODUCT_BUNDLE_IDENTIFIER = ignacioribeiro.TranslateGuessrTests;
				PRODUCT_NAME = "$(TARGET_NAME)";
				SWIFT_EMIT_LOC_STRINGS = NO;
				SWIFT_VERSION = 5.0;
				TARGETED_DEVICE_FAMILY = "1,2";
				TEST_HOST = "$(BUILT_PRODUCTS_DIR)/TranslateGuessr.app/TranslateGuessr";
			};
			name = Debug;
		};
		F6C9040B2839118E0085DEA0 /* Release */ = {
			isa = XCBuildConfiguration;
			buildSettings = {
				ALWAYS_EMBED_SWIFT_STANDARD_LIBRARIES = YES;
				BUNDLE_LOADER = "$(TEST_HOST)";
				CODE_SIGN_STYLE = Automatic;
				CURRENT_PROJECT_VERSION = 1;
				DEVELOPMENT_TEAM = B73YH55T95;
				GENERATE_INFOPLIST_FILE = YES;
				IPHONEOS_DEPLOYMENT_TARGET = 15.5;
				MARKETING_VERSION = 1.0;
				PRODUCT_BUNDLE_IDENTIFIER = ignacioribeiro.TranslateGuessrTests;
				PRODUCT_NAME = "$(TARGET_NAME)";
				SWIFT_EMIT_LOC_STRINGS = NO;
				SWIFT_VERSION = 5.0;
				TARGETED_DEVICE_FAMILY = "1,2";
				TEST_HOST = "$(BUILT_PRODUCTS_DIR)/TranslateGuessr.app/TranslateGuessr";
			};
			name = Release;
		};
		F6C9040D2839118E0085DEA0 /* Debug */ = {
			isa = XCBuildConfiguration;
			buildSettings = {
				ALWAYS_EMBED_SWIFT_STANDARD_LIBRARIES = YES;
				CODE_SIGN_STYLE = Automatic;
				CURRENT_PROJECT_VERSION = 1;
				DEVELOPMENT_TEAM = B73YH55T95;
				GENERATE_INFOPLIST_FILE = YES;
				MARKETING_VERSION = 1.0;
				PRODUCT_BUNDLE_IDENTIFIER = ignacioribeiro.TranslateGuessrUITests;
				PRODUCT_NAME = "$(TARGET_NAME)";
				SWIFT_EMIT_LOC_STRINGS = NO;
				SWIFT_VERSION = 5.0;
				TARGETED_DEVICE_FAMILY = "1,2";
				TEST_TARGET_NAME = TranslateGuessr;
			};
			name = Debug;
		};
		F6C9040E2839118E0085DEA0 /* Release */ = {
			isa = XCBuildConfiguration;
			buildSettings = {
				ALWAYS_EMBED_SWIFT_STANDARD_LIBRARIES = YES;
				CODE_SIGN_STYLE = Automatic;
				CURRENT_PROJECT_VERSION = 1;
				DEVELOPMENT_TEAM = B73YH55T95;
				GENERATE_INFOPLIST_FILE = YES;
				MARKETING_VERSION = 1.0;
				PRODUCT_BUNDLE_IDENTIFIER = ignacioribeiro.TranslateGuessrUITests;
				PRODUCT_NAME = "$(TARGET_NAME)";
				SWIFT_EMIT_LOC_STRINGS = NO;
				SWIFT_VERSION = 5.0;
				TARGETED_DEVICE_FAMILY = "1,2";
				TEST_TARGET_NAME = TranslateGuessr;
			};
			name = Release;
		};
/* End XCBuildConfiguration section */

/* Begin XCConfigurationList section */
		F6C903D72839118C0085DEA0 /* Build configuration list for PBXProject "TranslateGuessr" */ = {
			isa = XCConfigurationList;
			buildConfigurations = (
				F6C904042839118E0085DEA0 /* Debug */,
				F6C904052839118E0085DEA0 /* Release */,
			);
			defaultConfigurationIsVisible = 0;
			defaultConfigurationName = Release;
		};
		F6C904062839118E0085DEA0 /* Build configuration list for PBXNativeTarget "TranslateGuessr" */ = {
			isa = XCConfigurationList;
			buildConfigurations = (
				F6C904072839118E0085DEA0 /* Debug */,
				F6C904082839118E0085DEA0 /* Release */,
			);
			defaultConfigurationIsVisible = 0;
			defaultConfigurationName = Release;
		};
		F6C904092839118E0085DEA0 /* Build configuration list for PBXNativeTarget "TranslateGuessrTests" */ = {
			isa = XCConfigurationList;
			buildConfigurations = (
				F6C9040A2839118E0085DEA0 /* Debug */,
				F6C9040B2839118E0085DEA0 /* Release */,
			);
			defaultConfigurationIsVisible = 0;
			defaultConfigurationName = Release;
		};
		F6C9040C2839118E0085DEA0 /* Build configuration list for PBXNativeTarget "TranslateGuessrUITests" */ = {
			isa = XCConfigurationList;
			buildConfigurations = (
				F6C9040D2839118E0085DEA0 /* Debug */,
				F6C9040E2839118E0085DEA0 /* Release */,
			);
			defaultConfigurationIsVisible = 0;
			defaultConfigurationName = Release;
		};
/* End XCConfigurationList section */
	};
	rootObject = F6C903D42839118C0085DEA0 /* Project object */;
}
